
Microsoft Visual Studio Solution File, Format Version 12.00
# Visual Studio Version 17
VisualStudioVersion = 17.5.33627.172
MinimumVisualStudioVersion = 10.0.40219.1
Project("{FAE04EC0-301F-11D3-BF4B-00C04F79EFBC}") = "11dProekt3", "11dProekt3.csproj", "{E0A873E0-1290-494B-957E-3F28BE1EE970}"
EndProject
Global
	GlobalSection(SolutionConfigurationPlatforms) = preSolution
		Debug|Any CPU = Debug|Any CPU
		Release|Any CPU = Release|Any CPU
	EndGlobalSection
	GlobalSection(ProjectConfigurationPlatforms) = postSolution
		{E0A873E0-1290-494B-957E-3F28BE1EE970}.Debug|Any CPU.ActiveCfg = Debug|Any CPU
		{E0A873E0-1290-494B-957E-3F28BE1EE970}.Debug|Any CPU.Build.0 = Debug|Any CPU
		{E0A873E0-1290-494B-957E-3F28BE1EE970}.Release|Any CPU.ActiveCfg = Release|Any CPU
		{E0A873E0-1290-494B-957E-3F28BE1EE970}.Release|Any CPU.Build.0 = Release|Any CPU
	EndGlobalSection
	GlobalSection(SolutionProperties) = preSolution
		HideSolutionNode = FALSE
	EndGlobalSection
	GlobalSection(ExtensibilityGlobals) = postSolution
		SolutionGuid = {8E0B0968-AFFB-4B5B-A2A7-C0125361A440}
	EndGlobalSection
EndGlobal
